// !$*UTF8*$!
{
	archiveVersion = 1;
	classes = {
	};
	objectVersion = 46;
	objects = {

/* Begin PBXBuildFile section */
		CE9A31261AB33846001731BF /* main.m in Sources */ = {isa = PBXBuildFile; fileRef = CE9A31251AB33846001731BF /* main.m */; };
		CE9A31291AB33846001731BF /* AppDelegate.m in Sources */ = {isa = PBXBuildFile; fileRef = CE9A31281AB33846001731BF /* AppDelegate.m */; };
		CE9A312C1AB33846001731BF /* Tech_Omikuji.xcdatamodeld in Sources */ = {isa = PBXBuildFile; fileRef = CE9A312A1AB33846001731BF /* Tech_Omikuji.xcdatamodeld */; };
		CE9A312F1AB33846001731BF /* ViewController.m in Sources */ = {isa = PBXBuildFile; fileRef = CE9A312E1AB33846001731BF /* ViewController.m */; };
		CE9A31321AB33846001731BF /* Main.storyboard in Resources */ = {isa = PBXBuildFile; fileRef = CE9A31301AB33846001731BF /* Main.storyboard */; };
		CE9A31341AB33846001731BF /* Images.xcassets in Resources */ = {isa = PBXBuildFile; fileRef = CE9A31331AB33846001731BF /* Images.xcassets */; };
		CE9A31371AB33846001731BF /* LaunchScreen.xib in Resources */ = {isa = PBXBuildFile; fileRef = CE9A31351AB33846001731BF /* LaunchScreen.xib */; };
		CE9A31431AB33847001731BF /* Tech_OmikujiTests.m in Sources */ = {isa = PBXBuildFile; fileRef = CE9A31421AB33847001731BF /* Tech_OmikujiTests.m */; };
/* End PBXBuildFile section */

/* Begin PBXContainerItemProxy section */
		CE9A313D1AB33847001731BF /* PBXContainerItemProxy */ = {
			isa = PBXContainerItemProxy;
			containerPortal = CE9A31181AB33846001731BF /* Project object */;
			proxyType = 1;
			remoteGlobalIDString = CE9A311F1AB33846001731BF;
			remoteInfo = "Tech Omikuji";
		};
/* End PBXContainerItemProxy section */

/* Begin PBXFileReference section */
		CE9A31201AB33846001731BF /* Tech Omikuji.app */ = {isa = PBXFileReference; explicitFileType = wrapper.application; includeInIndex = 0; path = "Tech Omikuji.app"; sourceTree = BUILT_PRODUCTS_DIR; };
		CE9A31241AB33846001731BF /* Info.plist */ = {isa = PBXFileReference; lastKnownFileType = text.plist.xml; path = Info.plist; sourceTree = "<group>"; };
		CE9A31251AB33846001731BF /* main.m */ = {isa = PBXFileReference; lastKnownFileType = sourcecode.c.objc; path = main.m; sourceTree = "<group>"; };
		CE9A31271AB33846001731BF /* AppDelegate.h */ = {isa = PBXFileReference; lastKnownFileType = sourcecode.c.h; path = AppDelegate.h; sourceTree = "<group>"; };
		CE9A31281AB33846001731BF /* AppDelegate.m */ = {isa = PBXFileReference; lastKnownFileType = sourcecode.c.objc; path = AppDelegate.m; sourceTree = "<group>"; };
		CE9A312B1AB33846001731BF /* Tech_Omikuji.xcdatamodel */ = {isa = PBXFileReference; lastKnownFileType = wrapper.xcdatamodel; path = Tech_Omikuji.xcdatamodel; sourceTree = "<group>"; };
		CE9A312D1AB33846001731BF /* ViewController.h */ = {isa = PBXFileReference; lastKnownFileType = sourcecode.c.h; path = ViewController.h; sourceTree = "<group>"; };
		CE9A312E1AB33846001731BF /* ViewController.m */ = {isa = PBXFileReference; lastKnownFileType = sourcecode.c.objc; path = ViewController.m; sourceTree = "<group>"; };
		CE9A31311AB33846001731BF /* Base */ = {isa = PBXFileReference; lastKnownFileType = file.storyboard; name = Base; path = Base.lproj/Main.storyboard; sourceTree = "<group>"; };
		CE9A31331AB33846001731BF /* Images.xcassets */ = {isa = PBXFileReference; lastKnownFileType = folder.assetcatalog; path = Images.xcassets; sourceTree = "<group>"; };
		CE9A31361AB33846001731BF /* Base */ = {isa = PBXFileReference; lastKnownFileType = file.xib; name = Base; path = Base.lproj/LaunchScreen.xib; sourceTree = "<group>"; };
		CE9A313C1AB33847001731BF /* Tech OmikujiTests.xctest */ = {isa = PBXFileReference; explicitFileType = wrapper.cfbundle; includeInIndex = 0; path = "Tech OmikujiTests.xctest"; sourceTree = BUILT_PRODUCTS_DIR; };
		CE9A31411AB33847001731BF /* Info.plist */ = {isa = PBXFileReference; lastKnownFileType = text.plist.xml; path = Info.plist; sourceTree = "<group>"; };
		CE9A31421AB33847001731BF /* Tech_OmikujiTests.m */ = {isa = PBXFileReference; lastKnownFileType = sourcecode.c.objc; path = Tech_OmikujiTests.m; sourceTree = "<group>"; };
/* End PBXFileReference section */

/* Begin PBXFrameworksBuildPhase section */
		CE9A311D1AB33846001731BF /* Frameworks */ = {
			isa = PBXFrameworksBuildPhase;
			buildActionMask = 2147483647;
			files = (
			);
			runOnlyForDeploymentPostprocessing = 0;
		};
		CE9A31391AB33847001731BF /* Frameworks */ = {
			isa = PBXFrameworksBuildPhase;
			buildActionMask = 2147483647;
			files = (
			);
			runOnlyForDeploymentPostprocessing = 0;
		};
/* End PBXFrameworksBuildPhase section */

/* Begin PBXGroup section */
		CE9A31171AB33846001731BF = {
			isa = PBXGroup;
			children = (
				CE9A31221AB33846001731BF /* Tech Omikuji */,
				CE9A313F1AB33847001731BF /* Tech OmikujiTests */,
				CE9A31211AB33846001731BF /* Products */,
			);
			sourceTree = "<group>";
		};
		CE9A31211AB33846001731BF /* Products */ = {
			isa = PBXGroup;
			children = (
				CE9A31201AB33846001731BF /* Tech Omikuji.app */,
				CE9A313C1AB33847001731BF /* Tech OmikujiTests.xctest */,
			);
			name = Products;
			sourceTree = "<group>";
		};
		CE9A31221AB33846001731BF /* Tech Omikuji */ = {
			isa = PBXGroup;
			children = (
				CE9A31271AB33846001731BF /* AppDelegate.h */,
				CE9A31281AB33846001731BF /* AppDelegate.m */,
				CE9A312D1AB33846001731BF /* ViewController.h */,
				CE9A312E1AB33846001731BF /* ViewController.m */,
				CE9A31301AB33846001731BF /* Main.storyboard */,
				CE9A31331AB33846001731BF /* Images.xcassets */,
				CE9A31351AB33846001731BF /* LaunchScreen.xib */,
				CE9A312A1AB33846001731BF /* Tech_Omikuji.xcdatamodeld */,
				CE9A31231AB33846001731BF /* Supporting Files */,
			);
			path = "Tech Omikuji";
			sourceTree = "<group>";
		};
		CE9A31231AB33846001731BF /* Supporting Files */ = {
			isa = PBXGroup;
			children = (
				CE9A31241AB33846001731BF /* Info.plist */,
				CE9A31251AB33846001731BF /* main.m */,
			);
			name = "Supporting Files";
			sourceTree = "<group>";
		};
		CE9A313F1AB33847001731BF /* Tech OmikujiTests */ = {
			isa = PBXGroup;
			children = (
				CE9A31421AB33847001731BF /* Tech_OmikujiTests.m */,
				CE9A31401AB33847001731BF /* Supporting Files */,
			);
			path = "Tech OmikujiTests";
			sourceTree = "<group>";
		};
		CE9A31401AB33847001731BF /* Supporting Files */ = {
			isa = PBXGroup;
			children = (
				CE9A31411AB33847001731BF /* Info.plist */,
			);
			name = "Supporting Files";
			sourceTree = "<group>";
		};
/* End PBXGroup section */

/* Begin PBXNativeTarget section */
		CE9A311F1AB33846001731BF /* Tech Omikuji */ = {
			isa = PBXNativeTarget;
			buildConfigurationList = CE9A31461AB33847001731BF /* Build configuration list for PBXNativeTarget "Tech Omikuji" */;
			buildPhases = (
				CE9A311C1AB33846001731BF /* Sources */,
				CE9A311D1AB33846001731BF /* Frameworks */,
				CE9A311E1AB33846001731BF /* Resources */,
			);
			buildRules = (
			);
			dependencies = (
			);
			name = "Tech Omikuji";
			productName = "Tech Omikuji";
			productReference = CE9A31201AB33846001731BF /* Tech Omikuji.app */;
			productType = "com.apple.product-type.application";
		};
		CE9A313B1AB33847001731BF /* Tech OmikujiTests */ = {
			isa = PBXNativeTarget;
			buildConfigurationList = CE9A31491AB33847001731BF /* Build configuration list for PBXNativeTarget "Tech OmikujiTests" */;
			buildPhases = (
				CE9A31381AB33847001731BF /* Sources */,
				CE9A31391AB33847001731BF /* Frameworks */,
				CE9A313A1AB33847001731BF /* Resources */,
			);
			buildRules = (
			);
			dependencies = (
				CE9A313E1AB33847001731BF /* PBXTargetDependency */,
			);
			name = "Tech OmikujiTests";
			productName = "Tech OmikujiTests";
			productReference = CE9A313C1AB33847001731BF /* Tech OmikujiTests.xctest */;
			productType = "com.apple.product-type.bundle.unit-test";
		};
/* End PBXNativeTarget section */

/* Begin PBXProject section */
		CE9A31181AB33846001731BF /* Project object */ = {
			isa = PBXProject;
			attributes = {
				LastUpgradeCheck = 0610;
				ORGANIZATIONNAME = ReyMasuda;
				TargetAttributes = {
					CE9A311F1AB33846001731BF = {
						CreatedOnToolsVersion = 6.1.1;
					};
					CE9A313B1AB33847001731BF = {
						CreatedOnToolsVersion = 6.1.1;
						TestTargetID = CE9A311F1AB33846001731BF;
					};
				};
			};
			buildConfigurationList = CE9A311B1AB33846001731BF /* Build configuration list for PBXProject "Tech Omikuji" */;
			compatibilityVersion = "Xcode 3.2";
			developmentRegion = English;
			hasScannedForEncodings = 0;
			knownRegions = (
				en,
				Base,
			);
			mainGroup = CE9A31171AB33846001731BF;
			productRefGroup = CE9A31211AB33846001731BF /* Products */;
			projectDirPath = "";
			projectRoot = "";
			targets = (
				CE9A311F1AB33846001731BF /* Tech Omikuji */,
				CE9A313B1AB33847001731BF /* Tech OmikujiTests */,
			);
		};
/* End PBXProject section */

/* Begin PBXResourcesBuildPhase section */
		CE9A311E1AB33846001731BF /* Resources */ = {
			isa = PBXResourcesBuildPhase;
			buildActionMask = 2147483647;
			files = (
				CE9A31321AB33846001731BF /* Main.storyboard in Resources */,
				CE9A31371AB33846001731BF /* LaunchScreen.xib in Resources */,
				CE9A31341AB33846001731BF /* Images.xcassets in Resources */,
			);
			runOnlyForDeploymentPostprocessing = 0;
		};
		CE9A313A1AB33847001731BF /* Resources */ = {
			isa = PBXResourcesBuildPhase;
			buildActionMask = 2147483647;
			files = (
			);
			runOnlyForDeploymentPostprocessing = 0;
		};
/* End PBXResourcesBuildPhase section */

/* Begin PBXSourcesBuildPhase section */
		CE9A311C1AB33846001731BF /* Sources */ = {
			isa = PBXSourcesBuildPhase;
			buildActionMask = 2147483647;
			files = (
				CE9A312C1AB33846001731BF /* Tech_Omikuji.xcdatamodeld in Sources */,
				CE9A31291AB33846001731BF /* AppDelegate.m in Sources */,
				CE9A312F1AB33846001731BF /* ViewController.m in Sources */,
				CE9A31261AB33846001731BF /* main.m in Sources */,
			);
			runOnlyForDeploymentPostprocessing = 0;
		};
		CE9A31381AB33847001731BF /* Sources */ = {
			isa = PBXSourcesBuildPhase;
			buildActionMask = 2147483647;
			files = (
				CE9A31431AB33847001731BF /* Tech_OmikujiTests.m in Sources */,
			);
			runOnlyForDeploymentPostprocessing = 0;
		};
/* End PBXSourcesBuildPhase section */

/* Begin PBXTargetDependency section */
		CE9A313E1AB33847001731BF /* PBXTargetDependency */ = {
			isa = PBXTargetDependency;
			target = CE9A311F1AB33846001731BF /* Tech Omikuji */;
			targetProxy = CE9A313D1AB33847001731BF /* PBXContainerItemProxy */;
		};
/* End PBXTargetDependency section */

/* Begin PBXVariantGroup section */
		CE9A31301AB33846001731BF /* Main.storyboard */ = {
			isa = PBXVariantGroup;
			children = (
				CE9A31311AB33846001731BF /* Base */,
			);
			name = Main.storyboard;
			sourceTree = "<group>";
		};
		CE9A31351AB33846001731BF /* LaunchScreen.xib */ = {
			isa = PBXVariantGroup;
			children = (
				CE9A31361AB33846001731BF /* Base */,
			);
			name = LaunchScreen.xib;
			sourceTree = "<group>";
		};
/* End PBXVariantGroup section */

/* Begin XCBuildConfiguration section */
		CE9A31441AB33847001731BF /* Debug */ = {
			isa = XCBuildConfiguration;
			buildSettings = {
				ALWAYS_SEARCH_USER_PATHS = NO;
				CLANG_CXX_LANGUAGE_STANDARD = "gnu++0x";
				CLANG_CXX_LIBRARY = "libc++";
				CLANG_ENABLE_MODULES = YES;
				CLANG_ENABLE_OBJC_ARC = YES;
				CLANG_WARN_BOOL_CONVERSION = YES;
				CLANG_WARN_CONSTANT_CONVERSION = YES;
				CLANG_WARN_DIRECT_OBJC_ISA_USAGE = YES_ERROR;
				CLANG_WARN_EMPTY_BODY = YES;
				CLANG_WARN_ENUM_CONVERSION = YES;
				CLANG_WARN_INT_CONVERSION = YES;
				CLANG_WARN_OBJC_ROOT_CLASS = YES_ERROR;
				CLANG_WARN_UNREACHABLE_CODE = YES;
				CLANG_WARN__DUPLICATE_METHOD_MATCH = YES;
				"CODE_SIGN_IDENTITY[sdk=iphoneos*]" = "iPhone Developer";
				COPY_PHASE_STRIP = NO;
				ENABLE_STRICT_OBJC_MSGSEND = YES;
				GCC_C_LANGUAGE_STANDARD = gnu99;
				GCC_DYNAMIC_NO_PIC = NO;
				GCC_OPTIMIZATION_LEVEL = 0;
				GCC_PREPROCESSOR_DEFINITIONS = (
					"DEBUG=1",
					"$(inherited)",
				);
				GCC_SYMBOLS_PRIVATE_EXTERN = NO;
				GCC_WARN_64_TO_32_BIT_CONVERSION = YES;
				GCC_WARN_ABOUT_RETURN_TYPE = YES_ERROR;
				GCC_WARN_UNDECLARED_SELECTOR = YES;
				GCC_WARN_UNINITIALIZED_AUTOS = YES_AGGRESSIVE;
				GCC_WARN_UNUSED_FUNCTION = YES;
				GCC_WARN_UNUSED_VARIABLE = YES;
				IPHONEOS_DEPLOYMENT_TARGET = 8.1;
				MTL_ENABLE_DEBUG_INFO = YES;
				ONLY_ACTIVE_ARCH = YES;
				SDKROOT = iphoneos;
			};
			name = Debug;
		};
		CE9A31451AB33847001731BF /* Release */ = {
			isa = XCBuildConfiguration;
			buildSettings = {
				ALWAYS_SEARCH_USER_PATHS = NO;
				CLANG_CXX_LANGUAGE_STANDARD = "gnu++0x";
				CLANG_CXX_LIBRARY = "libc++";
				CLANG_ENABLE_MODULES = YES;
				CLANG_ENABLE_OBJC_ARC = YES;
				CLANG_WARN_BOOL_CONVERSION = YES;
				CLANG_WARN_CONSTANT_CONVERSION = YES;
				CLANG_WARN_DIRECT_OBJC_ISA_USAGE = YES_ERROR;
				CLANG_WARN_EMPTY_BODY = YES;
				CLANG_WARN_ENUM_CONVERSION = YES;
				CLANG_WARN_INT_CONVERSION = YES;
				CLANG_WARN_OBJC_ROOT_CLASS = YES_ERROR;
				CLANG_WARN_UNREACHABLE_CODE = YES;
				CLANG_WARN__DUPLICATE_METHOD_MATCH = YES;
				"CODE_SIGN_IDENTITY[sdk=iphoneos*]" = "iPhone Developer";
				COPY_PHASE_STRIP = YES;
				ENABLE_NS_ASSERTIONS = NO;
				ENABLE_STRICT_OBJC_MSGSEND = YES;
				GCC_C_LANGUAGE_STANDARD = gnu99;
				GCC_WARN_64_TO_32_BIT_CONVERSION = YES;
				GCC_WARN_ABOUT_RETURN_TYPE = YES_ERROR;
				GCC_WARN_UNDECLARED_SELECTOR = YES;
				GCC_WARN_UNINITIALIZED_AUTOS = YES_AGGRESSIVE;
				GCC_WARN_UNUSED_FUNCTION = YES;
				GCC_WARN_UNUSED_VARIABLE = YES;
				IPHONEOS_DEPLOYMENT_TARGET = 8.1;
				MTL_ENABLE_DEBUG_INFO = NO;
				SDKROOT = iphoneos;
				VALIDATE_PRODUCT = YES;
			};
			name = Release;
		};
		CE9A31471AB33847001731BF /* Debug */ = {
			isa = XCBuildConfiguration;
			buildSettings = {
				ASSETCATALOG_COMPILER_APPICON_NAME = AppIcon;
				INFOPLIST_FILE = "Tech Omikuji/Info.plist";
				LD_RUNPATH_SEARCH_PATHS = "$(inherited) @executable_path/Frameworks";
				PRODUCT_NAME = "$(TARGET_NAME)";
			};
			name = Debug;
		};
		CE9A31481AB33847001731BF /* Release */ = {
			isa = XCBuildConfiguration;
			buildSettings = {
				ASSETCATALOG_COMPILER_APPICON_NAME = AppIcon;
				INFOPLIST_FILE = "Tech Omikuji/Info.plist";
				LD_RUNPATH_SEARCH_PATHS = "$(inherited) @executable_path/Frameworks";
				PRODUCT_NAME = "$(TARGET_NAME)";
			};
			name = Release;
		};
		CE9A314A1AB33847001731BF /* Debug */ = {
			isa = XCBuildConfiguration;
			buildSettings = {
				BUNDLE_LOADER = "$(TEST_HOST)";
				FRAMEWORK_SEARCH_PATHS = (
					"$(SDKROOT)/Developer/Library/Frameworks",
					"$(inherited)",
				);
				GCC_PREPROCESSOR_DEFINITIONS = (
					"DEBUG=1",
					"$(inherited)",
				);
				INFOPLIST_FILE = "Tech OmikujiTests/Info.plist";
				LD_RUNPATH_SEARCH_PATHS = "$(inherited) @executable_path/Frameworks @loader_path/Frameworks";
				PRODUCT_NAME = "$(TARGET_NAME)";
				TEST_HOST = "$(BUILT_PRODUCTS_DIR)/Tech Omikuji.app/Tech Omikuji";
			};
			name = Debug;
		};
		CE9A314B1AB33847001731BF /* Release */ = {
			isa = XCBuildConfiguration;
			buildSettings = {
				BUNDLE_LOADER = "$(TEST_HOST)";
				FRAMEWORK_SEARCH_PATHS = (
					"$(SDKROOT)/Developer/Library/Frameworks",
					"$(inherited)",
				);
				INFOPLIST_FILE = "Tech OmikujiTests/Info.plist";
				LD_RUNPATH_SEARCH_PATHS = "$(inherited) @executable_path/Frameworks @loader_path/Frameworks";
				PRODUCT_NAME = "$(TARGET_NAME)";
				TEST_HOST = "$(BUILT_PRODUCTS_DIR)/Tech Omikuji.app/Tech Omikuji";
			};
			name = Release;
		};
/* End XCBuildConfiguration section */

/* Begin XCConfigurationList section */
		CE9A311B1AB33846001731BF /* Build configuration list for PBXProject "Tech Omikuji" */ = {
			isa = XCConfigurationList;
			buildConfigurations = (
				CE9A31441AB33847001731BF /* Debug */,
				CE9A31451AB33847001731BF /* Release */,
			);
			defaultConfigurationIsVisible = 0;
			defaultConfigurationName = Release;
		};
		CE9A31461AB33847001731BF /* Build configuration list for PBXNativeTarget "Tech Omikuji" */ = {
			isa = XCConfigurationList;
			buildConfigurations = (
				CE9A31471AB33847001731BF /* Debug */,
				CE9A31481AB33847001731BF /* Release */,
			);
			defaultConfigurationIsVisible = 0;
		};
		CE9A31491AB33847001731BF /* Build configuration list for PBXNativeTarget "Tech OmikujiTests" */ = {
			isa = XCConfigurationList;
			buildConfigurations = (
				CE9A314A1AB33847001731BF /* Debug */,
				CE9A314B1AB33847001731BF /* Release */,
			);
			defaultConfigurationIsVisible = 0;
		};
/* End XCConfigurationList section */

/* Begin XCVersionGroup section */
		CE9A312A1AB33846001731BF /* Tech_Omikuji.xcdatamodeld */ = {
			isa = XCVersionGroup;
			children = (
				CE9A312B1AB33846001731BF /* Tech_Omikuji.xcdatamodel */,
			);
			currentVersion = CE9A312B1AB33846001731BF /* Tech_Omikuji.xcdatamodel */;
			path = Tech_Omikuji.xcdatamodeld;
			sourceTree = "<group>";
			versionGroupType = wrapper.xcdatamodel;
		};
/* End XCVersionGroup section */
	};
	rootObject = CE9A31181AB33846001731BF /* Project object */;
}
